
Microsoft Visual Studio Solution File, Format Version 12.00
# Visual Studio Version 17
VisualStudioVersion = 17.3.32825.248
MinimumVisualStudioVersion = 10.0.40219.1
Project("{FAE04EC0-301F-11D3-BF4B-00C04F79EFBC}") = "ProyectoIntegradorCSharp", "ProyectoIntegradorCSharp.csproj", "{703B1414-47EE-4D46-AA1C-FEF8D970DA7E}"
EndProject
Global
	GlobalSection(SolutionConfigurationPlatforms) = preSolution
		Debug|Any CPU = Debug|Any CPU
		Release|Any CPU = Release|Any CPU
	EndGlobalSection
	GlobalSection(ProjectConfigurationPlatforms) = postSolution
		{703B1414-47EE-4D46-AA1C-FEF8D970DA7E}.Debug|Any CPU.ActiveCfg = Debug|Any CPU
		{703B1414-47EE-4D46-AA1C-FEF8D970DA7E}.Debug|Any CPU.Build.0 = Debug|Any CPU
		{703B1414-47EE-4D46-AA1C-FEF8D970DA7E}.Release|Any CPU.ActiveCfg = Release|Any CPU
		{703B1414-47EE-4D46-AA1C-FEF8D970DA7E}.Release|Any CPU.Build.0 = Release|Any CPU
	EndGlobalSection
	GlobalSection(SolutionProperties) = preSolution
		HideSolutionNode = FALSE
	EndGlobalSection
	GlobalSection(ExtensibilityGlobals) = postSolution
		SolutionGuid = {20EEFFD4-5325-4E5F-B296-E70F222A5E1E}
	EndGlobalSection
EndGlobal
